PODS:
  - PKRevealController (2.0.6)
  - SPGooglePlacesAutocomplete (1.0.2)

DEPENDENCIES:
  - PKRevealController
  - SPGooglePlacesAutocomplete

SPEC CHECKSUMS:
  PKRevealController: 883287432cecf4cda037184eb822548b9713f8c2
  SPGooglePlacesAutocomplete: b8fc4dfdd33b0b07aaab635e6d9255ef9e9277e8

COCOAPODS: 0.29.0
