// !$*UTF8*$!
{
	archiveVersion = 1;
	classes = {
	};
	objectVersion = 46;
	objects = {

/* Begin PBXBuildFile section */
		AB3AB66A189AB83800BB16BB /* BusAppCoreData.sqlite in Resources */ = {isa = PBXBuildFile; fileRef = E8EE1B9E189AA8C500F29667 /* BusAppCoreData.sqlite */; };
		AB5C2AAC1898193B0068F017 /* BusLineViewController.m in Sources */ = {isa = PBXBuildFile; fileRef = AB5C2AAB1898193B0068F017 /* BusLineViewController.m */; };
		AB5C2AAF18995ED30068F017 /* Annotation.m in Sources */ = {isa = PBXBuildFile; fileRef = AB5C2AAE18995ED30068F017 /* Annotation.m */; };
		ABA8476A1896CBA5008B0172 /* TrajectoryPlanningViewController.m in Sources */ = {isa = PBXBuildFile; fileRef = ABA847691896CBA5008B0172 /* TrajectoryPlanningViewController.m */; };
		ABA8476D1896CE0B008B0172 /* StopsNearViewController.m in Sources */ = {isa = PBXBuildFile; fileRef = ABA8476C1896CE0B008B0172 /* StopsNearViewController.m */; };
		B92AA4DB1899561A00A6C8F7 /* Bus_line+Core_Data_Methods.m in Sources */ = {isa = PBXBuildFile; fileRef = B92AA4DA1899561A00A6C8F7 /* Bus_line+Core_Data_Methods.m */; };
		B92AA4DE189A867300A6C8F7 /* BusTableViewController.m in Sources */ = {isa = PBXBuildFile; fileRef = B92AA4DD189A867300A6C8F7 /* BusTableViewController.m */; };
		B9CC17561899192500618BB7 /* Polyline_points.m in Sources */ = {isa = PBXBuildFile; fileRef = B9CC17551899192500618BB7 /* Polyline_points.m */; };
		B9CC17591899192500618BB7 /* Bus_line.m in Sources */ = {isa = PBXBuildFile; fileRef = B9CC17581899192500618BB7 /* Bus_line.m */; };
		B9CC175C1899192500618BB7 /* Bus_points.m in Sources */ = {isa = PBXBuildFile; fileRef = B9CC175B1899192500618BB7 /* Bus_points.m */; };
		B9F926B01896BC7400B5A61E /* CoreDataAndRequestSupervisor.m in Sources */ = {isa = PBXBuildFile; fileRef = B9F926AF1896BC7400B5A61E /* CoreDataAndRequestSupervisor.m */; };
		B9F926B61896CE1E00B5A61E /* JsonRequest.m in Sources */ = {isa = PBXBuildFile; fileRef = B9F926B51896CE1E00B5A61E /* JsonRequest.m */; };
		B9F926B71897D02300B5A61E /* ServerUpdateRequest.m in Sources */ = {isa = PBXBuildFile; fileRef = B9F926B21896CC9D00B5A61E /* ServerUpdateRequest.m */; };
		E82D9733189A73020005173B /* CoreLocationExtension.m in Sources */ = {isa = PBXBuildFile; fileRef = E82D9732189A73020005173B /* CoreLocationExtension.m */; };
		E89809321896D6C500ECE205 /* Storyboard.storyboard in Resources */ = {isa = PBXBuildFile; fileRef = E89809311896D6C500ECE205 /* Storyboard.storyboard */; };
		E89809341896D84D00ECE205 /* MapKit.framework in Frameworks */ = {isa = PBXBuildFile; fileRef = E89809331896D84D00ECE205 /* MapKit.framework */; };
		E89809371896DC4900ECE205 /* BusAppViewController.m in Sources */ = {isa = PBXBuildFile; fileRef = E89809361896DC4900ECE205 /* BusAppViewController.m */; };
		E8BAF74E1896BA330087E999 /* Foundation.framework in Frameworks */ = {isa = PBXBuildFile; fileRef = E8BAF74D1896BA330087E999 /* Foundation.framework */; };
		E8BAF7501896BA330087E999 /* CoreGraphics.framework in Frameworks */ = {isa = PBXBuildFile; fileRef = E8BAF74F1896BA330087E999 /* CoreGraphics.framework */; };
		E8BAF7541896BA330087E999 /* CoreData.framework in Frameworks */ = {isa = PBXBuildFile; fileRef = E8BAF7531896BA330087E999 /* CoreData.framework */; };
		E8BAF75A1896BA330087E999 /* InfoPlist.strings in Resources */ = {isa = PBXBuildFile; fileRef = E8BAF7581896BA330087E999 /* InfoPlist.strings */; };
		E8BAF75C1896BA330087E999 /* main.m in Sources */ = {isa = PBXBuildFile; fileRef = E8BAF75B1896BA330087E999 /* main.m */; };
		E8BAF7601896BA330087E999 /* AppDelegate.m in Sources */ = {isa = PBXBuildFile; fileRef = E8BAF75F1896BA330087E999 /* AppDelegate.m */; };
		E8BAF7651896BA330087E999 /* Images.xcassets in Resources */ = {isa = PBXBuildFile; fileRef = E8BAF7641896BA330087E999 /* Images.xcassets */; };
		E8BAF76C1896BA330087E999 /* XCTest.framework in Frameworks */ = {isa = PBXBuildFile; fileRef = E8BAF76B1896BA330087E999 /* XCTest.framework */; };
		E8BAF76D1896BA330087E999 /* Foundation.framework in Frameworks */ = {isa = PBXBuildFile; fileRef = E8BAF74D1896BA330087E999 /* Foundation.framework */; };
		E8BAF76E1896BA330087E999 /* (null) in Frameworks */ = {isa = PBXBuildFile; };
		E8BAF76F1896BA330087E999 /* CoreData.framework in Frameworks */ = {isa = PBXBuildFile; fileRef = E8BAF7531896BA330087E999 /* CoreData.framework */; };
		E8BAF7771896BA330087E999 /* InfoPlist.strings in Resources */ = {isa = PBXBuildFile; fileRef = E8BAF7751896BA330087E999 /* InfoPlist.strings */; };
		E8BAF7791896BA330087E999 /* BusAppCoreDataTests.m in Sources */ = {isa = PBXBuildFile; fileRef = E8BAF7781896BA330087E999 /* BusAppCoreDataTests.m */; };
		E8C22A40189832D10050CD0B /* BusAppCoreData.xcdatamodeld in Sources */ = {isa = PBXBuildFile; fileRef = E8C22A3E189832D10050CD0B /* BusAppCoreData.xcdatamodeld */; };
		E8EE1BA0189AD89800F29667 /* BusAppCoreData.sqlite in Resources */ = {isa = PBXBuildFile; fileRef = E8EE1B9F189AD88C00F29667 /* BusAppCoreData.sqlite */; };
		E8F78B1B189955E300C0EFCB /* Polyline_points+CoreDataMethods.m in Sources */ = {isa = PBXBuildFile; fileRef = E8F78B1A189955E300C0EFCB /* Polyline_points+CoreDataMethods.m */; };
		E8F78B1E1899561900C0EFCB /* Bus_points+CoreDataMethods.m in Sources */ = {isa = PBXBuildFile; fileRef = E8F78B1D1899561900C0EFCB /* Bus_points+CoreDataMethods.m */; };
/* End PBXBuildFile section */

/* Begin PBXContainerItemProxy section */
		E8BAF7701896BA330087E999 /* PBXContainerItemProxy */ = {
			isa = PBXContainerItemProxy;
			containerPortal = E8BAF7421896BA330087E999 /* Project object */;
			proxyType = 1;
			remoteGlobalIDString = E8BAF7491896BA330087E999;
			remoteInfo = BusAppCoreData;
		};
/* End PBXContainerItemProxy section */

/* Begin PBXFileReference section */
		AB5C2AAA1898193B0068F017 /* BusLineViewController.h */ = {isa = PBXFileReference; fileEncoding = 4; lastKnownFileType = sourcecode.c.h; path = BusLineViewController.h; sourceTree = "<group>"; };
		AB5C2AAB1898193B0068F017 /* BusLineViewController.m */ = {isa = PBXFileReference; fileEncoding = 4; lastKnownFileType = sourcecode.c.objc; path = BusLineViewController.m; sourceTree = "<group>"; };
		AB5C2AAD18995ED30068F017 /* Annotation.h */ = {isa = PBXFileReference; fileEncoding = 4; lastKnownFileType = sourcecode.c.h; path = Annotation.h; sourceTree = "<group>"; };
		AB5C2AAE18995ED30068F017 /* Annotation.m */ = {isa = PBXFileReference; fileEncoding = 4; lastKnownFileType = sourcecode.c.objc; path = Annotation.m; sourceTree = "<group>"; };
		ABA847681896CBA5008B0172 /* TrajectoryPlanningViewController.h */ = {isa = PBXFileReference; fileEncoding = 4; lastKnownFileType = sourcecode.c.h; path = TrajectoryPlanningViewController.h; sourceTree = "<group>"; };
		ABA847691896CBA5008B0172 /* TrajectoryPlanningViewController.m */ = {isa = PBXFileReference; fileEncoding = 4; lastKnownFileType = sourcecode.c.objc; path = TrajectoryPlanningViewController.m; sourceTree = "<group>"; };
		ABA8476B1896CE0B008B0172 /* StopsNearViewController.h */ = {isa = PBXFileReference; fileEncoding = 4; lastKnownFileType = sourcecode.c.h; path = StopsNearViewController.h; sourceTree = "<group>"; };
		ABA8476C1896CE0B008B0172 /* StopsNearViewController.m */ = {isa = PBXFileReference; fileEncoding = 4; lastKnownFileType = sourcecode.c.objc; path = StopsNearViewController.m; sourceTree = "<group>"; };
		B92AA4D91899561A00A6C8F7 /* Bus_line+Core_Data_Methods.h */ = {isa = PBXFileReference; fileEncoding = 4; lastKnownFileType = sourcecode.c.h; path = "Bus_line+Core_Data_Methods.h"; sourceTree = "<group>"; };
		B92AA4DA1899561A00A6C8F7 /* Bus_line+Core_Data_Methods.m */ = {isa = PBXFileReference; fileEncoding = 4; lastKnownFileType = sourcecode.c.objc; path = "Bus_line+Core_Data_Methods.m"; sourceTree = "<group>"; };
		B92AA4DC189A867300A6C8F7 /* BusTableViewController.h */ = {isa = PBXFileReference; fileEncoding = 4; lastKnownFileType = sourcecode.c.h; path = BusTableViewController.h; sourceTree = "<group>"; };
		B92AA4DD189A867300A6C8F7 /* BusTableViewController.m */ = {isa = PBXFileReference; fileEncoding = 4; lastKnownFileType = sourcecode.c.objc; path = BusTableViewController.m; sourceTree = "<group>"; };
		B9CC17541899192500618BB7 /* Polyline_points.h */ = {isa = PBXFileReference; fileEncoding = 4; lastKnownFileType = sourcecode.c.h; path = Polyline_points.h; sourceTree = "<group>"; };
		B9CC17551899192500618BB7 /* Polyline_points.m */ = {isa = PBXFileReference; fileEncoding = 4; lastKnownFileType = sourcecode.c.objc; path = Polyline_points.m; sourceTree = "<group>"; };
		B9CC17571899192500618BB7 /* Bus_line.h */ = {isa = PBXFileReference; fileEncoding = 4; lastKnownFileType = sourcecode.c.h; path = Bus_line.h; sourceTree = "<group>"; };
		B9CC17581899192500618BB7 /* Bus_line.m */ = {isa = PBXFileReference; fileEncoding = 4; lastKnownFileType = sourcecode.c.objc; path = Bus_line.m; sourceTree = "<group>"; };
		B9CC175A1899192500618BB7 /* Bus_points.h */ = {isa = PBXFileReference; fileEncoding = 4; lastKnownFileType = sourcecode.c.h; path = Bus_points.h; sourceTree = "<group>"; };
		B9CC175B1899192500618BB7 /* Bus_points.m */ = {isa = PBXFileReference; fileEncoding = 4; lastKnownFileType = sourcecode.c.objc; path = Bus_points.m; sourceTree = "<group>"; };
		B9F926AE1896BC7400B5A61E /* CoreDataAndRequestSupervisor.h */ = {isa = PBXFileReference; fileEncoding = 4; lastKnownFileType = sourcecode.c.h; path = CoreDataAndRequestSupervisor.h; sourceTree = "<group>"; };
		B9F926AF1896BC7400B5A61E /* CoreDataAndRequestSupervisor.m */ = {isa = PBXFileReference; fileEncoding = 4; lastKnownFileType = sourcecode.c.objc; path = CoreDataAndRequestSupervisor.m; sourceTree = "<group>"; };
		B9F926B11896CC9D00B5A61E /* ServerUpdateRequest.h */ = {isa = PBXFileReference; fileEncoding = 4; lastKnownFileType = sourcecode.c.h; path = ServerUpdateRequest.h; sourceTree = "<group>"; };
		B9F926B21896CC9D00B5A61E /* ServerUpdateRequest.m */ = {isa = PBXFileReference; fileEncoding = 4; lastKnownFileType = sourcecode.c.objc; path = ServerUpdateRequest.m; sourceTree = "<group>"; };
		B9F926B41896CE1E00B5A61E /* JsonRequest.h */ = {isa = PBXFileReference; fileEncoding = 4; lastKnownFileType = sourcecode.c.h; path = JsonRequest.h; sourceTree = "<group>"; };
		B9F926B51896CE1E00B5A61E /* JsonRequest.m */ = {isa = PBXFileReference; fileEncoding = 4; lastKnownFileType = sourcecode.c.objc; path = JsonRequest.m; sourceTree = "<group>"; };
		E82D9731189A73020005173B /* CoreLocationExtension.h */ = {isa = PBXFileReference; fileEncoding = 4; lastKnownFileType = sourcecode.c.h; path = CoreLocationExtension.h; sourceTree = "<group>"; };
		E82D9732189A73020005173B /* CoreLocationExtension.m */ = {isa = PBXFileReference; fileEncoding = 4; lastKnownFileType = sourcecode.c.objc; path = CoreLocationExtension.m; sourceTree = "<group>"; };
		E89809311896D6C500ECE205 /* Storyboard.storyboard */ = {isa = PBXFileReference; fileEncoding = 4; lastKnownFileType = file.storyboard; path = Storyboard.storyboard; sourceTree = "<group>"; };
		E89809331896D84D00ECE205 /* MapKit.framework */ = {isa = PBXFileReference; lastKnownFileType = wrapper.framework; name = MapKit.framework; path = System/Library/Frameworks/MapKit.framework; sourceTree = SDKROOT; };
		E89809351896DC4900ECE205 /* BusAppViewController.h */ = {isa = PBXFileReference; fileEncoding = 4; lastKnownFileType = sourcecode.c.h; path = BusAppViewController.h; sourceTree = "<group>"; };
		E89809361896DC4900ECE205 /* BusAppViewController.m */ = {isa = PBXFileReference; fileEncoding = 4; lastKnownFileType = sourcecode.c.objc; path = BusAppViewController.m; sourceTree = "<group>"; };
		E8BAF74A1896BA330087E999 /* BusAppCoreData.app */ = {isa = PBXFileReference; explicitFileType = wrapper.application; includeInIndex = 0; path = BusAppCoreData.app; sourceTree = BUILT_PRODUCTS_DIR; };
		E8BAF74D1896BA330087E999 /* Foundation.framework */ = {isa = PBXFileReference; lastKnownFileType = wrapper.framework; name = Foundation.framework; path = System/Library/Frameworks/Foundation.framework; sourceTree = SDKROOT; };
		E8BAF74F1896BA330087E999 /* CoreGraphics.framework */ = {isa = PBXFileReference; lastKnownFileType = wrapper.framework; name = CoreGraphics.framework; path = System/Library/Frameworks/CoreGraphics.framework; sourceTree = SDKROOT; };
		E8BAF7531896BA330087E999 /* CoreData.framework */ = {isa = PBXFileReference; lastKnownFileType = wrapper.framework; name = CoreData.framework; path = System/Library/Frameworks/CoreData.framework; sourceTree = SDKROOT; };
		E8BAF7571896BA330087E999 /* BusAppCoreData-Info.plist */ = {isa = PBXFileReference; lastKnownFileType = text.plist.xml; path = "BusAppCoreData-Info.plist"; sourceTree = "<group>"; };
		E8BAF7591896BA330087E999 /* en */ = {isa = PBXFileReference; lastKnownFileType = text.plist.strings; name = en; path = en.lproj/InfoPlist.strings; sourceTree = "<group>"; };
		E8BAF75B1896BA330087E999 /* main.m */ = {isa = PBXFileReference; lastKnownFileType = sourcecode.c.objc; path = main.m; sourceTree = "<group>"; };
		E8BAF75D1896BA330087E999 /* BusAppCoreData-Prefix.pch */ = {isa = PBXFileReference; lastKnownFileType = sourcecode.c.h; path = "BusAppCoreData-Prefix.pch"; sourceTree = "<group>"; };
		E8BAF75E1896BA330087E999 /* AppDelegate.h */ = {isa = PBXFileReference; lastKnownFileType = sourcecode.c.h; path = AppDelegate.h; sourceTree = "<group>"; };
		E8BAF75F1896BA330087E999 /* AppDelegate.m */ = {isa = PBXFileReference; lastKnownFileType = sourcecode.c.objc; path = AppDelegate.m; sourceTree = "<group>"; };
		E8BAF7641896BA330087E999 /* Images.xcassets */ = {isa = PBXFileReference; lastKnownFileType = folder.assetcatalog; path = Images.xcassets; sourceTree = "<group>"; };
		E8BAF76A1896BA330087E999 /* BusAppCoreDataTests.xctest */ = {isa = PBXFileReference; explicitFileType = wrapper.cfbundle; includeInIndex = 0; path = BusAppCoreDataTests.xctest; sourceTree = BUILT_PRODUCTS_DIR; };
		E8BAF76B1896BA330087E999 /* XCTest.framework */ = {isa = PBXFileReference; lastKnownFileType = wrapper.framework; name = XCTest.framework; path = Library/Frameworks/XCTest.framework; sourceTree = DEVELOPER_DIR; };
		E8BAF7741896BA330087E999 /* BusAppCoreDataTests-Info.plist */ = {isa = PBXFileReference; lastKnownFileType = text.plist.xml; path = "BusAppCoreDataTests-Info.plist"; sourceTree = "<group>"; };
		E8BAF7761896BA330087E999 /* en */ = {isa = PBXFileReference; lastKnownFileType = text.plist.strings; name = en; path = en.lproj/InfoPlist.strings; sourceTree = "<group>"; };
		E8BAF7781896BA330087E999 /* BusAppCoreDataTests.m */ = {isa = PBXFileReference; lastKnownFileType = sourcecode.c.objc; path = BusAppCoreDataTests.m; sourceTree = "<group>"; };
		E8C22A3F189832D10050CD0B /* BusAppCoreData.xcdatamodel */ = {isa = PBXFileReference; lastKnownFileType = wrapper.xcdatamodel; path = BusAppCoreData.xcdatamodel; sourceTree = "<group>"; };
		E8EE1B9F189AD88C00F29667 /* BusAppCoreData.sqlite */ = {isa = PBXFileReference; lastKnownFileType = file; path = BusAppCoreData.sqlite; sourceTree = "<group>"; };
		E8F78B19189955E300C0EFCB /* Polyline_points+CoreDataMethods.h */ = {isa = PBXFileReference; fileEncoding = 4; lastKnownFileType = sourcecode.c.h; path = "Polyline_points+CoreDataMethods.h"; sourceTree = "<group>"; };
		E8F78B1A189955E300C0EFCB /* Polyline_points+CoreDataMethods.m */ = {isa = PBXFileReference; fileEncoding = 4; lastKnownFileType = sourcecode.c.objc; path = "Polyline_points+CoreDataMethods.m"; sourceTree = "<group>"; };
		E8F78B1C1899561900C0EFCB /* Bus_points+CoreDataMethods.h */ = {isa = PBXFileReference; fileEncoding = 4; lastKnownFileType = sourcecode.c.h; path = "Bus_points+CoreDataMethods.h"; sourceTree = "<group>"; };
		E8F78B1D1899561900C0EFCB /* Bus_points+CoreDataMethods.m */ = {isa = PBXFileReference; fileEncoding = 4; lastKnownFileType = sourcecode.c.objc; path = "Bus_points+CoreDataMethods.m"; sourceTree = "<group>"; };
/* End PBXFileReference section */

/* Begin PBXFrameworksBuildPhase section */
		E8BAF7471896BA330087E999 /* Frameworks */ = {
			isa = PBXFrameworksBuildPhase;
			buildActionMask = 2147483647;
			files = (
				E89809341896D84D00ECE205 /* MapKit.framework in Frameworks */,
				E8BAF7501896BA330087E999 /* CoreGraphics.framework in Frameworks */,
				E8BAF7541896BA330087E999 /* CoreData.framework in Frameworks */,
				E8BAF74E1896BA330087E999 /* Foundation.framework in Frameworks */,
			);
			runOnlyForDeploymentPostprocessing = 0;
		};
		E8BAF7671896BA330087E999 /* Frameworks */ = {
			isa = PBXFrameworksBuildPhase;
			buildActionMask = 2147483647;
			files = (
				E8BAF76C1896BA330087E999 /* XCTest.framework in Frameworks */,
				E8BAF76F1896BA330087E999 /* CoreData.framework in Frameworks */,
				E8BAF76E1896BA330087E999 /* (null) in Frameworks */,
				E8BAF76D1896BA330087E999 /* Foundation.framework in Frameworks */,
			);
			runOnlyForDeploymentPostprocessing = 0;
		};
/* End PBXFrameworksBuildPhase section */

/* Begin PBXGroup section */
		ABA847671896CB2F008B0172 /* Controller */ = {
			isa = PBXGroup;
			children = (
				ABA847681896CBA5008B0172 /* TrajectoryPlanningViewController.h */,
				ABA847691896CBA5008B0172 /* TrajectoryPlanningViewController.m */,
				ABA8476B1896CE0B008B0172 /* StopsNearViewController.h */,
				ABA8476C1896CE0B008B0172 /* StopsNearViewController.m */,
				B92AA4DC189A867300A6C8F7 /* BusTableViewController.h */,
				B92AA4DD189A867300A6C8F7 /* BusTableViewController.m */,
				AB5C2AAA1898193B0068F017 /* BusLineViewController.h */,
				AB5C2AAB1898193B0068F017 /* BusLineViewController.m */,
				AB5C2AAD18995ED30068F017 /* Annotation.h */,
				AB5C2AAE18995ED30068F017 /* Annotation.m */,
			);
			name = Controller;
			sourceTree = "<group>";
		};
		B9F9269A1896BB5200B5A61E /* Core Data */ = {
			isa = PBXGroup;
			children = (
				E8C22A3E189832D10050CD0B /* BusAppCoreData.xcdatamodeld */,
				B9CC17571899192500618BB7 /* Bus_line.h */,
				B9CC17581899192500618BB7 /* Bus_line.m */,
				B92AA4D91899561A00A6C8F7 /* Bus_line+Core_Data_Methods.h */,
				B92AA4DA1899561A00A6C8F7 /* Bus_line+Core_Data_Methods.m */,
				B9CC17541899192500618BB7 /* Polyline_points.h */,
				B9CC17551899192500618BB7 /* Polyline_points.m */,
				E8F78B19189955E300C0EFCB /* Polyline_points+CoreDataMethods.h */,
				E8F78B1A189955E300C0EFCB /* Polyline_points+CoreDataMethods.m */,
				B9CC17571899192500618BB7 /* Bus_line.h */,
				B9CC17581899192500618BB7 /* Bus_line.m */,
				B9CC175A1899192500618BB7 /* Bus_points.h */,
				B9CC175B1899192500618BB7 /* Bus_points.m */,
				E8F78B1C1899561900C0EFCB /* Bus_points+CoreDataMethods.h */,
				E8F78B1D1899561900C0EFCB /* Bus_points+CoreDataMethods.m */,
			);
			name = "Core Data";
			sourceTree = "<group>";
		};
		B9F926AD1896BC4600B5A61E /* Model */ = {
			isa = PBXGroup;
			children = (
				B9F926AE1896BC7400B5A61E /* CoreDataAndRequestSupervisor.h */,
				B9F926AF1896BC7400B5A61E /* CoreDataAndRequestSupervisor.m */,
				B9F926B11896CC9D00B5A61E /* ServerUpdateRequest.h */,
				B9F926B21896CC9D00B5A61E /* ServerUpdateRequest.m */,
				B9F926B41896CE1E00B5A61E /* JsonRequest.h */,
				B9F926B51896CE1E00B5A61E /* JsonRequest.m */,
				E82D9731189A73020005173B /* CoreLocationExtension.h */,
				E82D9732189A73020005173B /* CoreLocationExtension.m */,
			);
			name = Model;
			sourceTree = "<group>";
		};
		E8BAF7411896BA330087E999 = {
			isa = PBXGroup;
			children = (
				E8BAF7551896BA330087E999 /* BusAppCoreData */,
				E8BAF7721896BA330087E999 /* BusAppCoreDataTests */,
				E8BAF74C1896BA330087E999 /* Frameworks */,
				E8BAF74B1896BA330087E999 /* Products */,
			);
			sourceTree = "<group>";
		};
		E8BAF74B1896BA330087E999 /* Products */ = {
			isa = PBXGroup;
			children = (
				E8BAF74A1896BA330087E999 /* BusAppCoreData.app */,
				E8BAF76A1896BA330087E999 /* BusAppCoreDataTests.xctest */,
			);
			name = Products;
			sourceTree = "<group>";
		};
		E8BAF74C1896BA330087E999 /* Frameworks */ = {
			isa = PBXGroup;
			children = (
				E89809331896D84D00ECE205 /* MapKit.framework */,
				E8BAF74D1896BA330087E999 /* Foundation.framework */,
				E8BAF74F1896BA330087E999 /* CoreGraphics.framework */,
				E8BAF7531896BA330087E999 /* CoreData.framework */,
				E8BAF76B1896BA330087E999 /* XCTest.framework */,
			);
			name = Frameworks;
			sourceTree = "<group>";
		};
		E8BAF7551896BA330087E999 /* BusAppCoreData */ = {
			isa = PBXGroup;
			children = (
				E89809311896D6C500ECE205 /* Storyboard.storyboard */,
				E8EE1B9F189AD88C00F29667 /* BusAppCoreData.sqlite */,
				E89809351896DC4900ECE205 /* BusAppViewController.h */,
				E89809361896DC4900ECE205 /* BusAppViewController.m */,
				ABA847671896CB2F008B0172 /* Controller */,
				B9F926AD1896BC4600B5A61E /* Model */,
				B9F9269A1896BB5200B5A61E /* Core Data */,
				E8BAF75E1896BA330087E999 /* AppDelegate.h */,
				E8BAF75F1896BA330087E999 /* AppDelegate.m */,
				E8BAF7641896BA330087E999 /* Images.xcassets */,
				E8BAF7561896BA330087E999 /* Supporting Files */,
			);
			path = BusAppCoreData;
			sourceTree = "<group>";
		};
		E8BAF7561896BA330087E999 /* Supporting Files */ = {
			isa = PBXGroup;
			children = (
				E8BAF7571896BA330087E999 /* BusAppCoreData-Info.plist */,
				E8BAF7581896BA330087E999 /* InfoPlist.strings */,
				E8BAF75B1896BA330087E999 /* main.m */,
				E8BAF75D1896BA330087E999 /* BusAppCoreData-Prefix.pch */,
			);
			name = "Supporting Files";
			sourceTree = "<group>";
		};
		E8BAF7721896BA330087E999 /* BusAppCoreDataTests */ = {
			isa = PBXGroup;
			children = (
				E8BAF7781896BA330087E999 /* BusAppCoreDataTests.m */,
				E8BAF7731896BA330087E999 /* Supporting Files */,
			);
			path = BusAppCoreDataTests;
			sourceTree = "<group>";
		};
		E8BAF7731896BA330087E999 /* Supporting Files */ = {
			isa = PBXGroup;
			children = (
				E8BAF7741896BA330087E999 /* BusAppCoreDataTests-Info.plist */,
				E8BAF7751896BA330087E999 /* InfoPlist.strings */,
			);
			name = "Supporting Files";
			sourceTree = "<group>";
		};
/* End PBXGroup section */

/* Begin PBXNativeTarget section */
		E8BAF7491896BA330087E999 /* BusAppCoreData */ = {
			isa = PBXNativeTarget;
			buildConfigurationList = E8BAF77C1896BA330087E999 /* Build configuration list for PBXNativeTarget "BusAppCoreData" */;
			buildPhases = (
				E8BAF7461896BA330087E999 /* Sources */,
				E8BAF7471896BA330087E999 /* Frameworks */,
				E8BAF7481896BA330087E999 /* Resources */,
			);
			buildRules = (
			);
			dependencies = (
			);
			name = BusAppCoreData;
			productName = BusAppCoreData;
			productReference = E8BAF74A1896BA330087E999 /* BusAppCoreData.app */;
			productType = "com.apple.product-type.application";
		};
		E8BAF7691896BA330087E999 /* BusAppCoreDataTests */ = {
			isa = PBXNativeTarget;
			buildConfigurationList = E8BAF77F1896BA330087E999 /* Build configuration list for PBXNativeTarget "BusAppCoreDataTests" */;
			buildPhases = (
				E8BAF7661896BA330087E999 /* Sources */,
				E8BAF7671896BA330087E999 /* Frameworks */,
				E8BAF7681896BA330087E999 /* Resources */,
			);
			buildRules = (
			);
			dependencies = (
				E8BAF7711896BA330087E999 /* PBXTargetDependency */,
			);
			name = BusAppCoreDataTests;
			productName = BusAppCoreDataTests;
			productReference = E8BAF76A1896BA330087E999 /* BusAppCoreDataTests.xctest */;
			productType = "com.apple.product-type.bundle.unit-test";
		};
/* End PBXNativeTarget section */

/* Begin PBXProject section */
		E8BAF7421896BA330087E999 /* Project object */ = {
			isa = PBXProject;
			attributes = {
				LastUpgradeCheck = 0500;
				ORGANIZATIONNAME = BEPiD;
				TargetAttributes = {
					E8BAF7691896BA330087E999 = {
						TestTargetID = E8BAF7491896BA330087E999;
					};
				};
			};
			buildConfigurationList = E8BAF7451896BA330087E999 /* Build configuration list for PBXProject "BusAppCoreData" */;
			compatibilityVersion = "Xcode 3.2";
			developmentRegion = English;
			hasScannedForEncodings = 0;
			knownRegions = (
				en,
			);
			mainGroup = E8BAF7411896BA330087E999;
			productRefGroup = E8BAF74B1896BA330087E999 /* Products */;
			projectDirPath = "";
			projectRoot = "";
			targets = (
				E8BAF7491896BA330087E999 /* BusAppCoreData */,
				E8BAF7691896BA330087E999 /* BusAppCoreDataTests */,
			);
		};
/* End PBXProject section */

/* Begin PBXResourcesBuildPhase section */
		E8BAF7481896BA330087E999 /* Resources */ = {
			isa = PBXResourcesBuildPhase;
			buildActionMask = 2147483647;
			files = (
				E8EE1BA0189AD89800F29667 /* BusAppCoreData.sqlite in Resources */,
				E8BAF75A1896BA330087E999 /* InfoPlist.strings in Resources */,
				E8BAF7651896BA330087E999 /* Images.xcassets in Resources */,
				E89809321896D6C500ECE205 /* Storyboard.storyboard in Resources */,
			);
			runOnlyForDeploymentPostprocessing = 0;
		};
		E8BAF7681896BA330087E999 /* Resources */ = {
			isa = PBXResourcesBuildPhase;
			buildActionMask = 2147483647;
			files = (
				E8BAF7771896BA330087E999 /* InfoPlist.strings in Resources */,
			);
			runOnlyForDeploymentPostprocessing = 0;
		};
/* End PBXResourcesBuildPhase section */

/* Begin PBXSourcesBuildPhase section */
		E8BAF7461896BA330087E999 /* Sources */ = {
			isa = PBXSourcesBuildPhase;
			buildActionMask = 2147483647;
			files = (
				B92AA4DB1899561A00A6C8F7 /* Bus_line+Core_Data_Methods.m in Sources */,
				AB5C2AAC1898193B0068F017 /* BusLineViewController.m in Sources */,
				B92AA4DE189A867300A6C8F7 /* BusTableViewController.m in Sources */,
				B9F926B71897D02300B5A61E /* ServerUpdateRequest.m in Sources */,
				B9F926B61896CE1E00B5A61E /* JsonRequest.m in Sources */,
				ABA8476A1896CBA5008B0172 /* TrajectoryPlanningViewController.m in Sources */,
				E8F78B1B189955E300C0EFCB /* Polyline_points+CoreDataMethods.m in Sources */,
				B9CC17591899192500618BB7 /* Bus_line.m in Sources */,
				E8C22A40189832D10050CD0B /* BusAppCoreData.xcdatamodeld in Sources */,
				E89809371896DC4900ECE205 /* BusAppViewController.m in Sources */,
				ABA8476D1896CE0B008B0172 /* StopsNearViewController.m in Sources */,
				E8F78B1E1899561900C0EFCB /* Bus_points+CoreDataMethods.m in Sources */,
				E8BAF7601896BA330087E999 /* AppDelegate.m in Sources */,
				B9CC175C1899192500618BB7 /* Bus_points.m in Sources */,
				E82D9733189A73020005173B /* CoreLocationExtension.m in Sources */,
				AB5C2AAF18995ED30068F017 /* Annotation.m in Sources */,
				E8BAF75C1896BA330087E999 /* main.m in Sources */,
				B9F926B01896BC7400B5A61E /* CoreDataAndRequestSupervisor.m in Sources */,
				B9CC17561899192500618BB7 /* Polyline_points.m in Sources */,
			);
			runOnlyForDeploymentPostprocessing = 0;
		};
		E8BAF7661896BA330087E999 /* Sources */ = {
			isa = PBXSourcesBuildPhase;
			buildActionMask = 2147483647;
			files = (
				E8BAF7791896BA330087E999 /* BusAppCoreDataTests.m in Sources */,
			);
			runOnlyForDeploymentPostprocessing = 0;
		};
/* End PBXSourcesBuildPhase section */

/* Begin PBXTargetDependency section */
		E8BAF7711896BA330087E999 /* PBXTargetDependency */ = {
			isa = PBXTargetDependency;
			target = E8BAF7491896BA330087E999 /* BusAppCoreData */;
			targetProxy = E8BAF7701896BA330087E999 /* PBXContainerItemProxy */;
		};
/* End PBXTargetDependency section */

/* Begin PBXVariantGroup section */
		E8BAF7581896BA330087E999 /* InfoPlist.strings */ = {
			isa = PBXVariantGroup;
			children = (
				E8BAF7591896BA330087E999 /* en */,
			);
			name = InfoPlist.strings;
			sourceTree = "<group>";
		};
		E8BAF7751896BA330087E999 /* InfoPlist.strings */ = {
			isa = PBXVariantGroup;
			children = (
				E8BAF7761896BA330087E999 /* en */,
			);
			name = InfoPlist.strings;
			sourceTree = "<group>";
		};
/* End PBXVariantGroup section */

/* Begin XCBuildConfiguration section */
		E8BAF77A1896BA330087E999 /* Debug */ = {
			isa = XCBuildConfiguration;
			buildSettings = {
				ALWAYS_SEARCH_USER_PATHS = NO;
				ARCHS = "$(ARCHS_STANDARD_INCLUDING_64_BIT)";
				CLANG_CXX_LANGUAGE_STANDARD = "gnu++0x";
				CLANG_CXX_LIBRARY = "libc++";
				CLANG_ENABLE_MODULES = YES;
				CLANG_ENABLE_OBJC_ARC = YES;
				CLANG_WARN_BOOL_CONVERSION = YES;
				CLANG_WARN_CONSTANT_CONVERSION = YES;
				CLANG_WARN_DIRECT_OBJC_ISA_USAGE = YES_ERROR;
				CLANG_WARN_EMPTY_BODY = YES;
				CLANG_WARN_ENUM_CONVERSION = YES;
				CLANG_WARN_INT_CONVERSION = YES;
				CLANG_WARN_OBJC_ROOT_CLASS = YES_ERROR;
				CLANG_WARN__DUPLICATE_METHOD_MATCH = YES;
				"CODE_SIGN_IDENTITY[sdk=iphoneos*]" = "iPhone Developer";
				COPY_PHASE_STRIP = NO;
				GCC_C_LANGUAGE_STANDARD = gnu99;
				GCC_DYNAMIC_NO_PIC = NO;
				GCC_OPTIMIZATION_LEVEL = 0;
				GCC_PREPROCESSOR_DEFINITIONS = (
					"DEBUG=1",
					"$(inherited)",
				);
				GCC_SYMBOLS_PRIVATE_EXTERN = NO;
				GCC_WARN_64_TO_32_BIT_CONVERSION = YES;
				GCC_WARN_ABOUT_RETURN_TYPE = YES_ERROR;
				GCC_WARN_UNDECLARED_SELECTOR = YES;
				GCC_WARN_UNINITIALIZED_AUTOS = YES;
				GCC_WARN_UNUSED_FUNCTION = YES;
				GCC_WARN_UNUSED_VARIABLE = YES;
				IPHONEOS_DEPLOYMENT_TARGET = 7.0;
				ONLY_ACTIVE_ARCH = YES;
				SDKROOT = iphoneos;
			};
			name = Debug;
		};
		E8BAF77B1896BA330087E999 /* Release */ = {
			isa = XCBuildConfiguration;
			buildSettings = {
				ALWAYS_SEARCH_USER_PATHS = NO;
				ARCHS = "$(ARCHS_STANDARD_INCLUDING_64_BIT)";
				CLANG_CXX_LANGUAGE_STANDARD = "gnu++0x";
				CLANG_CXX_LIBRARY = "libc++";
				CLANG_ENABLE_MODULES = YES;
				CLANG_ENABLE_OBJC_ARC = YES;
				CLANG_WARN_BOOL_CONVERSION = YES;
				CLANG_WARN_CONSTANT_CONVERSION = YES;
				CLANG_WARN_DIRECT_OBJC_ISA_USAGE = YES_ERROR;
				CLANG_WARN_EMPTY_BODY = YES;
				CLANG_WARN_ENUM_CONVERSION = YES;
				CLANG_WARN_INT_CONVERSION = YES;
				CLANG_WARN_OBJC_ROOT_CLASS = YES_ERROR;
				CLANG_WARN__DUPLICATE_METHOD_MATCH = YES;
				"CODE_SIGN_IDENTITY[sdk=iphoneos*]" = "iPhone Developer";
				COPY_PHASE_STRIP = YES;
				ENABLE_NS_ASSERTIONS = NO;
				GCC_C_LANGUAGE_STANDARD = gnu99;
				GCC_WARN_64_TO_32_BIT_CONVERSION = YES;
				GCC_WARN_ABOUT_RETURN_TYPE = YES_ERROR;
				GCC_WARN_UNDECLARED_SELECTOR = YES;
				GCC_WARN_UNINITIALIZED_AUTOS = YES;
				GCC_WARN_UNUSED_FUNCTION = YES;
				GCC_WARN_UNUSED_VARIABLE = YES;
				IPHONEOS_DEPLOYMENT_TARGET = 7.0;
				SDKROOT = iphoneos;
				VALIDATE_PRODUCT = YES;
			};
			name = Release;
		};
		E8BAF77D1896BA330087E999 /* Debug */ = {
			isa = XCBuildConfiguration;
			buildSettings = {
				ASSETCATALOG_COMPILER_APPICON_NAME = AppIcon;
				ASSETCATALOG_COMPILER_LAUNCHIMAGE_NAME = LaunchImage;
				CODE_SIGN_IDENTITY = "iPhone Developer";
				GCC_PRECOMPILE_PREFIX_HEADER = YES;
				GCC_PREFIX_HEADER = "BusAppCoreData/BusAppCoreData-Prefix.pch";
				INFOPLIST_FILE = "BusAppCoreData/BusAppCoreData-Info.plist";
				IPHONEOS_DEPLOYMENT_TARGET = 7.0;
				PRODUCT_NAME = "$(TARGET_NAME)";
				TARGETED_DEVICE_FAMILY = 1;
				WRAPPER_EXTENSION = app;
			};
			name = Debug;
		};
		E8BAF77E1896BA330087E999 /* Release */ = {
			isa = XCBuildConfiguration;
			buildSettings = {
				ASSETCATALOG_COMPILER_APPICON_NAME = AppIcon;
				ASSETCATALOG_COMPILER_LAUNCHIMAGE_NAME = LaunchImage;
				CODE_SIGN_IDENTITY = "iPhone Developer";
				GCC_PRECOMPILE_PREFIX_HEADER = YES;
				GCC_PREFIX_HEADER = "BusAppCoreData/BusAppCoreData-Prefix.pch";
				INFOPLIST_FILE = "BusAppCoreData/BusAppCoreData-Info.plist";
				IPHONEOS_DEPLOYMENT_TARGET = 7.0;
				PRODUCT_NAME = "$(TARGET_NAME)";
				TARGETED_DEVICE_FAMILY = 1;
				WRAPPER_EXTENSION = app;
			};
			name = Release;
		};
		E8BAF7801896BA330087E999 /* Debug */ = {
			isa = XCBuildConfiguration;
			buildSettings = {
				ARCHS = "$(ARCHS_STANDARD_INCLUDING_64_BIT)";
				BUNDLE_LOADER = "$(BUILT_PRODUCTS_DIR)/BusAppCoreData.app/BusAppCoreData";
				FRAMEWORK_SEARCH_PATHS = (
					"$(SDKROOT)/Developer/Library/Frameworks",
					"$(inherited)",
					"$(DEVELOPER_FRAMEWORKS_DIR)",
				);
				GCC_PRECOMPILE_PREFIX_HEADER = YES;
				GCC_PREFIX_HEADER = "BusAppCoreData/BusAppCoreData-Prefix.pch";
				GCC_PREPROCESSOR_DEFINITIONS = (
					"DEBUG=1",
					"$(inherited)",
				);
				INFOPLIST_FILE = "BusAppCoreDataTests/BusAppCoreDataTests-Info.plist";
				PRODUCT_NAME = "$(TARGET_NAME)";
				TEST_HOST = "$(BUNDLE_LOADER)";
				WRAPPER_EXTENSION = xctest;
			};
			name = Debug;
		};
		E8BAF7811896BA330087E999 /* Release */ = {
			isa = XCBuildConfiguration;
			buildSettings = {
				ARCHS = "$(ARCHS_STANDARD_INCLUDING_64_BIT)";
				BUNDLE_LOADER = "$(BUILT_PRODUCTS_DIR)/BusAppCoreData.app/BusAppCoreData";
				FRAMEWORK_SEARCH_PATHS = (
					"$(SDKROOT)/Developer/Library/Frameworks",
					"$(inherited)",
					"$(DEVELOPER_FRAMEWORKS_DIR)",
				);
				GCC_PRECOMPILE_PREFIX_HEADER = YES;
				GCC_PREFIX_HEADER = "BusAppCoreData/BusAppCoreData-Prefix.pch";
				INFOPLIST_FILE = "BusAppCoreDataTests/BusAppCoreDataTests-Info.plist";
				PRODUCT_NAME = "$(TARGET_NAME)";
				TEST_HOST = "$(BUNDLE_LOADER)";
				WRAPPER_EXTENSION = xctest;
			};
			name = Release;
		};
/* End XCBuildConfiguration section */

/* Begin XCConfigurationList section */
		E8BAF7451896BA330087E999 /* Build configuration list for PBXProject "BusAppCoreData" */ = {
			isa = XCConfigurationList;
			buildConfigurations = (
				E8BAF77A1896BA330087E999 /* Debug */,
				E8BAF77B1896BA330087E999 /* Release */,
			);
			defaultConfigurationIsVisible = 0;
			defaultConfigurationName = Release;
		};
		E8BAF77C1896BA330087E999 /* Build configuration list for PBXNativeTarget "BusAppCoreData" */ = {
			isa = XCConfigurationList;
			buildConfigurations = (
				E8BAF77D1896BA330087E999 /* Debug */,
				E8BAF77E1896BA330087E999 /* Release */,
			);
			defaultConfigurationIsVisible = 0;
			defaultConfigurationName = Release;
		};
		E8BAF77F1896BA330087E999 /* Build configuration list for PBXNativeTarget "BusAppCoreDataTests" */ = {
			isa = XCConfigurationList;
			buildConfigurations = (
				E8BAF7801896BA330087E999 /* Debug */,
				E8BAF7811896BA330087E999 /* Release */,
			);
			defaultConfigurationIsVisible = 0;
			defaultConfigurationName = Release;
		};
/* End XCConfigurationList section */

/* Begin XCVersionGroup section */
		E8C22A3E189832D10050CD0B /* BusAppCoreData.xcdatamodeld */ = {
			isa = XCVersionGroup;
			children = (
				E8C22A3F189832D10050CD0B /* BusAppCoreData.xcdatamodel */,
			);
			currentVersion = E8C22A3F189832D10050CD0B /* BusAppCoreData.xcdatamodel */;
			path = BusAppCoreData.xcdatamodeld;
			sourceTree = "<group>";
			versionGroupType = wrapper.xcdatamodel;
		};
/* End XCVersionGroup section */
	};
	rootObject = E8BAF7421896BA330087E999 /* Project object */;
}
